// !$*UTF8*$!
{
	archiveVersion = 1;
	classes = {
	};
	objectVersion = 46;
	objects = {

/* Begin PBXBuildFile section */
		7899CA44139AE8B96BACC3EA /* libPods.a in Frameworks */ = {isa = PBXBuildFile; fileRef = FD94FE17CC5CD80FF96B24E5 /* libPods.a */; };
		8F0004961A2419730096477A /* AppDelegate.swift in Sources */ = {isa = PBXBuildFile; fileRef = 8F0004951A2419730096477A /* AppDelegate.swift */; };
		8F00049B1A2419730096477A /* PeopleViewController.swift in Sources */ = {isa = PBXBuildFile; fileRef = 8F00049A1A2419730096477A /* PeopleViewController.swift */; };
		8F00049D1A2419730096477A /* ProfileViewController.swift in Sources */ = {isa = PBXBuildFile; fileRef = 8F00049C1A2419730096477A /* ProfileViewController.swift */; };
		8F0004A01A2419730096477A /* Main.storyboard in Resources */ = {isa = PBXBuildFile; fileRef = 8F00049E1A2419730096477A /* Main.storyboard */; };
		8F0004A21A2419730096477A /* Images.xcassets in Resources */ = {isa = PBXBuildFile; fileRef = 8F0004A11A2419730096477A /* Images.xcassets */; };
		8F0004A51A2419730096477A /* LaunchScreen.xib in Resources */ = {isa = PBXBuildFile; fileRef = 8F0004A31A2419730096477A /* LaunchScreen.xib */; };
		8F0004B11A2419730096477A /* CircleTests.swift in Sources */ = {isa = PBXBuildFile; fileRef = 8F0004B01A2419730096477A /* CircleTests.swift */; };
		8F0004BB1A241BDE0096477A /* UIColorExtension.swift in Sources */ = {isa = PBXBuildFile; fileRef = 8F0004BA1A241BDE0096477A /* UIColorExtension.swift */; };
		8F0004BE1A24225A0096477A /* ContactTableViewCell.swift in Sources */ = {isa = PBXBuildFile; fileRef = 8F0004BC1A24225A0096477A /* ContactTableViewCell.swift */; };
		8F0004BF1A24225A0096477A /* ContactTableViewCell.xib in Resources */ = {isa = PBXBuildFile; fileRef = 8F0004BD1A24225A0096477A /* ContactTableViewCell.xib */; };
		8F22CB731A264A8A0026376E /* MainTabViewController.swift in Sources */ = {isa = PBXBuildFile; fileRef = 8F22CB721A264A8A0026376E /* MainTabViewController.swift */; };
		8F22CB751A26600D0026376E /* AppDelegateParseExtension.swift in Sources */ = {isa = PBXBuildFile; fileRef = 8F22CB741A26600D0026376E /* AppDelegateParseExtension.swift */; };
		8F22CB771A2661890026376E /* AppDelegateAppearanceExtension.swift in Sources */ = {isa = PBXBuildFile; fileRef = 8F22CB761A2661890026376E /* AppDelegateAppearanceExtension.swift */; };
		8F22CB791A266D3F0026376E /* Person.swift in Sources */ = {isa = PBXBuildFile; fileRef = 8F22CB781A266D3F0026376E /* Person.swift */; };
		8F22CBE01A27A8E60026376E /* ProfileHeaderCollectionReusableView.swift in Sources */ = {isa = PBXBuildFile; fileRef = 8F22CBDE1A27A8E60026376E /* ProfileHeaderCollectionReusableView.swift */; };
		8F22CBE11A27A8E60026376E /* ProfileHeaderCollectionReusableView.xib in Resources */ = {isa = PBXBuildFile; fileRef = 8F22CBDF1A27A8E60026376E /* ProfileHeaderCollectionReusableView.xib */; };
		8F22CBE31A27AE9B0026376E /* UIImageViewExtension.swift in Sources */ = {isa = PBXBuildFile; fileRef = 8F22CBE21A27AE9B0026376E /* UIImageViewExtension.swift */; };
		8F22CBE51A27ED190026376E /* ProfileCollectionViewLayout.swift in Sources */ = {isa = PBXBuildFile; fileRef = 8F22CBE41A27ED190026376E /* ProfileCollectionViewLayout.swift */; };
		8F22CBE81A27FDA70026376E /* ProfileAttributeCollectionViewCell.swift in Sources */ = {isa = PBXBuildFile; fileRef = 8F22CBE61A27FDA70026376E /* ProfileAttributeCollectionViewCell.swift */; };
		8F22CBE91A27FDA70026376E /* ProfileAttributeCollectionViewCell.xib in Resources */ = {isa = PBXBuildFile; fileRef = 8F22CBE71A27FDA70026376E /* ProfileAttributeCollectionViewCell.xib */; };
		8F22CBED1A283D3D0026376E /* SeparatorDecorationView.swift in Sources */ = {isa = PBXBuildFile; fileRef = 8F22CBEC1A283D3D0026376E /* SeparatorDecorationView.swift */; };
		8F22CBF11A2844F50026376E /* UINavigationBarExtension.swift in Sources */ = {isa = PBXBuildFile; fileRef = 8F22CBF01A2844F50026376E /* UINavigationBarExtension.swift */; };
		8F22CBF51A2865030026376E /* ProfileDataSource.swift in Sources */ = {isa = PBXBuildFile; fileRef = 8F22CBF41A2865030026376E /* ProfileDataSource.swift */; };
		8F22CBF81A29A8EB0026376E /* AuthViewController.swift in Sources */ = {isa = PBXBuildFile; fileRef = 8F22CBF61A29A8EB0026376E /* AuthViewController.swift */; };
		8F22CBF91A29A8EB0026376E /* AuthViewController.xib in Resources */ = {isa = PBXBuildFile; fileRef = 8F22CBF71A29A8EB0026376E /* AuthViewController.xib */; };
		8F22CBFB1A29AF450026376E /* UIViewExtension.swift in Sources */ = {isa = PBXBuildFile; fileRef = 8F22CBFA1A29AF450026376E /* UIViewExtension.swift */; };
		8F22CBFE1A29C7120026376E /* GCDUtils.swift in Sources */ = {isa = PBXBuildFile; fileRef = 8F22CBFD1A29C7120026376E /* GCDUtils.swift */; };
		8F65C4F51A50F28E00C7F3E6 /* CardHeaderCollectionReusableView.swift in Sources */ = {isa = PBXBuildFile; fileRef = 8F65C4F31A50F28E00C7F3E6 /* CardHeaderCollectionReusableView.swift */; };
		8F65C4F61A50F28E00C7F3E6 /* CardHeaderCollectionReusableView.xib in Resources */ = {isa = PBXBuildFile; fileRef = 8F65C4F41A50F28E00C7F3E6 /* CardHeaderCollectionReusableView.xib */; };
		8F65C4FB1A50F92500C7F3E6 /* Card.swift in Sources */ = {isa = PBXBuildFile; fileRef = 8F65C4FA1A50F92500C7F3E6 /* Card.swift */; };
		8F65C5011A51462500C7F3E6 /* CircleCollectionViewCell.swift in Sources */ = {isa = PBXBuildFile; fileRef = 8F65C5001A51462500C7F3E6 /* CircleCollectionViewCell.swift */; };
		8FD041A21A2C03AA00FE28EF /* UIFontExtention.swift in Sources */ = {isa = PBXBuildFile; fileRef = 8FD041A11A2C03AA00FE28EF /* UIFontExtention.swift */; };
		8FEE88471A411BA90011CE4A /* UIViewControllerExtension.swift in Sources */ = {isa = PBXBuildFile; fileRef = 8FEE88461A411BA90011CE4A /* UIViewControllerExtension.swift */; };
		8FEE88601A437DE40011CE4A /* Alamofire.framework in Copy Frameworks */ = {isa = PBXBuildFile; fileRef = 8FEE885B1A437DB10011CE4A /* Alamofire.framework */; settings = {ATTRIBUTES = (CodeSignOnCopy, RemoveHeadersOnCopy, ); }; };
		8FF297FD1A4A4DCA00306CFC /* SearchViewController.swift in Sources */ = {isa = PBXBuildFile; fileRef = 8FF297FC1A4A4DCA00306CFC /* SearchViewController.swift */; };
		8FF298031A4A4E3600306CFC /* ProfileImagesCollectionViewCell.swift in Sources */ = {isa = PBXBuildFile; fileRef = 8FF298011A4A4E3600306CFC /* ProfileImagesCollectionViewCell.swift */; };
		8FF298041A4A4E3600306CFC /* ProfileImagesCollectionViewCell.xib in Resources */ = {isa = PBXBuildFile; fileRef = 8FF298021A4A4E3600306CFC /* ProfileImagesCollectionViewCell.xib */; };
		8FF2980A1A4B490E00306CFC /* SearchHeaderView.swift in Sources */ = {isa = PBXBuildFile; fileRef = 8FF298081A4B490E00306CFC /* SearchHeaderView.swift */; };
		8FF2980B1A4B490E00306CFC /* SearchHeaderView.xib in Resources */ = {isa = PBXBuildFile; fileRef = 8FF298091A4B490E00306CFC /* SearchHeaderView.xib */; };
		8FF298441A4DF38E00306CFC /* TagSelectorViewController.swift in Sources */ = {isa = PBXBuildFile; fileRef = 8FF298431A4DF38E00306CFC /* TagSelectorViewController.swift */; };
		8FF298471A4E050100306CFC /* TagCollectionViewCell.swift in Sources */ = {isa = PBXBuildFile; fileRef = 8FF298451A4E050100306CFC /* TagCollectionViewCell.swift */; };
		8FF298481A4E050100306CFC /* TagCollectionViewCell.xib in Resources */ = {isa = PBXBuildFile; fileRef = 8FF298461A4E050100306CFC /* TagCollectionViewCell.xib */; };
		8FF2984D1A4E29F400306CFC /* PaddedLabel.swift in Sources */ = {isa = PBXBuildFile; fileRef = 8FF2984C1A4E29F400306CFC /* PaddedLabel.swift */; };
		8FF298531A4E306600306CFC /* CenterAlignFlowLayout.swift in Sources */ = {isa = PBXBuildFile; fileRef = 8FF298521A4E306600306CFC /* CenterAlignFlowLayout.swift */; };
		A73E1BB3914D1A036D2FAE47 /* libPods.a in Frameworks */ = {isa = PBXBuildFile; fileRef = FD94FE17CC5CD80FF96B24E5 /* libPods.a */; };
		BF041BBA1A2C119B0043EC72 /* NSDateFormatterExtension.swift in Sources */ = {isa = PBXBuildFile; fileRef = BF041BB91A2C119B0043EC72 /* NSDateFormatterExtension.swift */; };
		BF24FCFD1A4A25F3003DF4C2 /* ProtobufRegistry.framework in Copy Frameworks */ = {isa = PBXBuildFile; fileRef = BF24FCF81A4A25E7003DF4C2 /* ProtobufRegistry.framework */; settings = {ATTRIBUTES = (CodeSignOnCopy, RemoveHeadersOnCopy, ); }; };
		BF2CBFD61A473E9100BE589D /* UserService.swift in Sources */ = {isa = PBXBuildFile; fileRef = BF2CBFD51A473E9100BE589D /* UserService.swift */; };
		BF59AA931A2C152F00C0CDB9 /* UITableViewExtension.swift in Sources */ = {isa = PBXBuildFile; fileRef = BF59AA921A2C152F00C0CDB9 /* UITableViewExtension.swift */; };
		BF7DF98F1A44E53200A4F924 /* ServiceTransport.swift in Sources */ = {isa = PBXBuildFile; fileRef = BF7DF98E1A44E53200A4F924 /* ServiceTransport.swift */; };
		BF8FC3D91A44DA83007FD8BA /* StringExtension.swift in Sources */ = {isa = PBXBuildFile; fileRef = BF8FC3D81A44DA83007FD8BA /* StringExtension.swift */; };
		BFB791891A2C346A0048E8FB /* CALayerExtension.swift in Sources */ = {isa = PBXBuildFile; fileRef = BFB791881A2C346A0048E8FB /* CALayerExtension.swift */; };
		BFB7918B1A2C3C860048E8FB /* SpringFlowLayout.swift in Sources */ = {isa = PBXBuildFile; fileRef = BFB7918A1A2C3C860048E8FB /* SpringFlowLayout.swift */; };
		BFC6CF9C1A44D2B90081F45B /* ServiceClient.swift in Sources */ = {isa = PBXBuildFile; fileRef = BFC6CF9B1A44D2B90081F45B /* ServiceClient.swift */; };
		BFC6CFA21A44D4DE0081F45B /* ClientTests.swift in Sources */ = {isa = PBXBuildFile; fileRef = BFC6CFA11A44D4DE0081F45B /* ClientTests.swift */; };
		BFEDB1431A2A8CA700250165 /* UICollectionViewFlowLayoutExtension.swift in Sources */ = {isa = PBXBuildFile; fileRef = BFEDB1421A2A8CA700250165 /* UICollectionViewFlowLayoutExtension.swift */; };
		BFFB1A041A4872F200CCFFC3 /* Locksmith.framework in Copy Frameworks */ = {isa = PBXBuildFile; fileRef = BFFB19FF1A4872E200CCFFC3 /* Locksmith.framework */; settings = {ATTRIBUTES = (CodeSignOnCopy, RemoveHeadersOnCopy, ); }; };
/* End PBXBuildFile section */

/* Begin PBXContainerItemProxy section */
		8F0004AB1A2419730096477A /* PBXContainerItemProxy */ = {
			isa = PBXContainerItemProxy;
			containerPortal = 8F0004881A2419730096477A /* Project object */;
			proxyType = 1;
			remoteGlobalIDString = 8F00048F1A2419730096477A;
			remoteInfo = Circle;
		};
		8FEE885A1A437DB10011CE4A /* PBXContainerItemProxy */ = {
			isa = PBXContainerItemProxy;
			containerPortal = 8FEE88491A4371A80011CE4A /* Alamofire.xcodeproj */;
			proxyType = 2;
			remoteGlobalIDString = F8111E3319A95C8B0040E7D1;
			remoteInfo = Alamofire;
		};
		8FEE885C1A437DB10011CE4A /* PBXContainerItemProxy */ = {
			isa = PBXContainerItemProxy;
			containerPortal = 8FEE88491A4371A80011CE4A /* Alamofire.xcodeproj */;
			proxyType = 2;
			remoteGlobalIDString = F8111E3E19A95C8B0040E7D1;
			remoteInfo = AlamofireTests;
		};
		8FEE885E1A437DB90011CE4A /* PBXContainerItemProxy */ = {
			isa = PBXContainerItemProxy;
			containerPortal = 8FEE88491A4371A80011CE4A /* Alamofire.xcodeproj */;
			proxyType = 1;
			remoteGlobalIDString = F8111E3219A95C8B0040E7D1;
			remoteInfo = Alamofire;
		};
		BF24FCF71A4A25E7003DF4C2 /* PBXContainerItemProxy */ = {
			isa = PBXContainerItemProxy;
			containerPortal = BF24FCF21A4A25E6003DF4C2 /* ProtobufRegistry.xcodeproj */;
			proxyType = 2;
			remoteGlobalIDString = BFC6CEEF1A44B58B0081F45B;
			remoteInfo = ProtobufRegistry;
		};
		BF24FCF91A4A25E7003DF4C2 /* PBXContainerItemProxy */ = {
			isa = PBXContainerItemProxy;
			containerPortal = BF24FCF21A4A25E6003DF4C2 /* ProtobufRegistry.xcodeproj */;
			proxyType = 2;
			remoteGlobalIDString = BFC6CEFA1A44B58B0081F45B;
			remoteInfo = ProtobufRegistryTests;
		};
		BF24FCFB1A4A25F0003DF4C2 /* PBXContainerItemProxy */ = {
			isa = PBXContainerItemProxy;
			containerPortal = BF24FCF21A4A25E6003DF4C2 /* ProtobufRegistry.xcodeproj */;
			proxyType = 1;
			remoteGlobalIDString = BFC6CEEE1A44B58B0081F45B;
			remoteInfo = ProtobufRegistry;
		};
		BFFB19FE1A4872E200CCFFC3 /* PBXContainerItemProxy */ = {
			isa = PBXContainerItemProxy;
			containerPortal = BFFB19F91A4872E200CCFFC3 /* Locksmith.xcodeproj */;
			proxyType = 2;
			remoteGlobalIDString = BFFB19D01A4870A300CCFFC3;
			remoteInfo = Locksmith;
		};
		BFFB1A001A4872E200CCFFC3 /* PBXContainerItemProxy */ = {
			isa = PBXContainerItemProxy;
			containerPortal = BFFB19F91A4872E200CCFFC3 /* Locksmith.xcodeproj */;
			proxyType = 2;
			remoteGlobalIDString = BFFB19DB1A4870A300CCFFC3;
			remoteInfo = LocksmithTests;
		};
		BFFB1A021A4872ED00CCFFC3 /* PBXContainerItemProxy */ = {
			isa = PBXContainerItemProxy;
			containerPortal = BFFB19F91A4872E200CCFFC3 /* Locksmith.xcodeproj */;
			proxyType = 1;
			remoteGlobalIDString = BFFB19CF1A4870A300CCFFC3;
			remoteInfo = Locksmith;
		};
/* End PBXContainerItemProxy section */

/* Begin PBXCopyFilesBuildPhase section */
		8FEE88481A4370D90011CE4A /* Copy Frameworks */ = {
			isa = PBXCopyFilesBuildPhase;
			buildActionMask = 2147483647;
			dstPath = "";
			dstSubfolderSpec = 10;
			files = (
				BF24FCFD1A4A25F3003DF4C2 /* ProtobufRegistry.framework in Copy Frameworks */,
				BFFB1A041A4872F200CCFFC3 /* Locksmith.framework in Copy Frameworks */,
				8FEE88601A437DE40011CE4A /* Alamofire.framework in Copy Frameworks */,
			);
			name = "Copy Frameworks";
			runOnlyForDeploymentPostprocessing = 0;
		};
/* End PBXCopyFilesBuildPhase section */

/* Begin PBXFileReference section */
		0E955F60570F60CAEDB21587 /* Pods.release.xcconfig */ = {isa = PBXFileReference; includeInIndex = 1; lastKnownFileType = text.xcconfig; name = Pods.release.xcconfig; path = "Pods/Target Support Files/Pods/Pods.release.xcconfig"; sourceTree = "<group>"; };
		8F0004901A2419730096477A /* Circle.app */ = {isa = PBXFileReference; explicitFileType = wrapper.application; includeInIndex = 0; path = Circle.app; sourceTree = BUILT_PRODUCTS_DIR; };
		8F0004941A2419730096477A /* Info.plist */ = {isa = PBXFileReference; lastKnownFileType = text.plist.xml; path = Info.plist; sourceTree = "<group>"; };
		8F0004951A2419730096477A /* AppDelegate.swift */ = {isa = PBXFileReference; lastKnownFileType = sourcecode.swift; path = AppDelegate.swift; sourceTree = "<group>"; };
		8F00049A1A2419730096477A /* PeopleViewController.swift */ = {isa = PBXFileReference; lastKnownFileType = sourcecode.swift; path = PeopleViewController.swift; sourceTree = "<group>"; };
		8F00049C1A2419730096477A /* ProfileViewController.swift */ = {isa = PBXFileReference; lastKnownFileType = sourcecode.swift; path = ProfileViewController.swift; sourceTree = "<group>"; };
		8F00049F1A2419730096477A /* Base */ = {isa = PBXFileReference; lastKnownFileType = file.storyboard; name = Base; path = Base.lproj/Main.storyboard; sourceTree = "<group>"; };
		8F0004A11A2419730096477A /* Images.xcassets */ = {isa = PBXFileReference; lastKnownFileType = folder.assetcatalog; path = Images.xcassets; sourceTree = "<group>"; };
		8F0004A41A2419730096477A /* Base */ = {isa = PBXFileReference; lastKnownFileType = file.xib; name = Base; path = Base.lproj/LaunchScreen.xib; sourceTree = "<group>"; };
		8F0004AA1A2419730096477A /* CircleTests.xctest */ = {isa = PBXFileReference; explicitFileType = wrapper.cfbundle; includeInIndex = 0; path = CircleTests.xctest; sourceTree = BUILT_PRODUCTS_DIR; };
		8F0004AF1A2419730096477A /* Info.plist */ = {isa = PBXFileReference; lastKnownFileType = text.plist.xml; path = Info.plist; sourceTree = "<group>"; };
		8F0004B01A2419730096477A /* CircleTests.swift */ = {isa = PBXFileReference; lastKnownFileType = sourcecode.swift; path = CircleTests.swift; sourceTree = "<group>"; };
		8F0004BA1A241BDE0096477A /* UIColorExtension.swift */ = {isa = PBXFileReference; fileEncoding = 4; lastKnownFileType = sourcecode.swift; path = UIColorExtension.swift; sourceTree = "<group>"; };
		8F0004BC1A24225A0096477A /* ContactTableViewCell.swift */ = {isa = PBXFileReference; fileEncoding = 4; lastKnownFileType = sourcecode.swift; path = ContactTableViewCell.swift; sourceTree = "<group>"; };
		8F0004BD1A24225A0096477A /* ContactTableViewCell.xib */ = {isa = PBXFileReference; fileEncoding = 4; lastKnownFileType = file.xib; path = ContactTableViewCell.xib; sourceTree = "<group>"; };
		8F22CB721A264A8A0026376E /* MainTabViewController.swift */ = {isa = PBXFileReference; fileEncoding = 4; lastKnownFileType = sourcecode.swift; path = MainTabViewController.swift; sourceTree = "<group>"; };
		8F22CB741A26600D0026376E /* AppDelegateParseExtension.swift */ = {isa = PBXFileReference; fileEncoding = 4; lastKnownFileType = sourcecode.swift; path = AppDelegateParseExtension.swift; sourceTree = "<group>"; };
		8F22CB761A2661890026376E /* AppDelegateAppearanceExtension.swift */ = {isa = PBXFileReference; fileEncoding = 4; lastKnownFileType = sourcecode.swift; path = AppDelegateAppearanceExtension.swift; sourceTree = "<group>"; };
		8F22CB781A266D3F0026376E /* Person.swift */ = {isa = PBXFileReference; fileEncoding = 4; lastKnownFileType = sourcecode.swift; path = Person.swift; sourceTree = "<group>"; };
		8F22CB7A1A268C040026376E /* Circle-Bridging-Header.h */ = {isa = PBXFileReference; fileEncoding = 4; lastKnownFileType = sourcecode.c.h; path = "Circle-Bridging-Header.h"; sourceTree = "<group>"; };
		8F22CBDE1A27A8E60026376E /* ProfileHeaderCollectionReusableView.swift */ = {isa = PBXFileReference; fileEncoding = 4; lastKnownFileType = sourcecode.swift; path = ProfileHeaderCollectionReusableView.swift; sourceTree = "<group>"; };
		8F22CBDF1A27A8E60026376E /* ProfileHeaderCollectionReusableView.xib */ = {isa = PBXFileReference; fileEncoding = 4; lastKnownFileType = file.xib; path = ProfileHeaderCollectionReusableView.xib; sourceTree = "<group>"; };
		8F22CBE21A27AE9B0026376E /* UIImageViewExtension.swift */ = {isa = PBXFileReference; fileEncoding = 4; lastKnownFileType = sourcecode.swift; path = UIImageViewExtension.swift; sourceTree = "<group>"; };
		8F22CBE41A27ED190026376E /* ProfileCollectionViewLayout.swift */ = {isa = PBXFileReference; fileEncoding = 4; lastKnownFileType = sourcecode.swift; path = ProfileCollectionViewLayout.swift; sourceTree = "<group>"; };
		8F22CBE61A27FDA70026376E /* ProfileAttributeCollectionViewCell.swift */ = {isa = PBXFileReference; fileEncoding = 4; lastKnownFileType = sourcecode.swift; path = ProfileAttributeCollectionViewCell.swift; sourceTree = "<group>"; };
		8F22CBE71A27FDA70026376E /* ProfileAttributeCollectionViewCell.xib */ = {isa = PBXFileReference; fileEncoding = 4; lastKnownFileType = file.xib; path = ProfileAttributeCollectionViewCell.xib; sourceTree = "<group>"; };
		8F22CBEC1A283D3D0026376E /* SeparatorDecorationView.swift */ = {isa = PBXFileReference; fileEncoding = 4; lastKnownFileType = sourcecode.swift; path = SeparatorDecorationView.swift; sourceTree = "<group>"; };
		8F22CBF01A2844F50026376E /* UINavigationBarExtension.swift */ = {isa = PBXFileReference; fileEncoding = 4; lastKnownFileType = sourcecode.swift; path = UINavigationBarExtension.swift; sourceTree = "<group>"; };
		8F22CBF41A2865030026376E /* ProfileDataSource.swift */ = {isa = PBXFileReference; fileEncoding = 4; lastKnownFileType = sourcecode.swift; path = ProfileDataSource.swift; sourceTree = "<group>"; };
		8F22CBF61A29A8EB0026376E /* AuthViewController.swift */ = {isa = PBXFileReference; fileEncoding = 4; lastKnownFileType = sourcecode.swift; path = AuthViewController.swift; sourceTree = "<group>"; };
		8F22CBF71A29A8EB0026376E /* AuthViewController.xib */ = {isa = PBXFileReference; fileEncoding = 4; lastKnownFileType = file.xib; path = AuthViewController.xib; sourceTree = "<group>"; };
		8F22CBFA1A29AF450026376E /* UIViewExtension.swift */ = {isa = PBXFileReference; fileEncoding = 4; lastKnownFileType = sourcecode.swift; path = UIViewExtension.swift; sourceTree = "<group>"; };
		8F22CBFD1A29C7120026376E /* GCDUtils.swift */ = {isa = PBXFileReference; fileEncoding = 4; lastKnownFileType = sourcecode.swift; path = GCDUtils.swift; sourceTree = "<group>"; };
		8F65C4F31A50F28E00C7F3E6 /* CardHeaderCollectionReusableView.swift */ = {isa = PBXFileReference; fileEncoding = 4; lastKnownFileType = sourcecode.swift; path = CardHeaderCollectionReusableView.swift; sourceTree = "<group>"; };
		8F65C4F41A50F28E00C7F3E6 /* CardHeaderCollectionReusableView.xib */ = {isa = PBXFileReference; fileEncoding = 4; lastKnownFileType = file.xib; path = CardHeaderCollectionReusableView.xib; sourceTree = "<group>"; };
		8F65C4FA1A50F92500C7F3E6 /* Card.swift */ = {isa = PBXFileReference; fileEncoding = 4; lastKnownFileType = sourcecode.swift; path = Card.swift; sourceTree = "<group>"; };
		8F65C5001A51462500C7F3E6 /* CircleCollectionViewCell.swift */ = {isa = PBXFileReference; fileEncoding = 4; lastKnownFileType = sourcecode.swift; path = CircleCollectionViewCell.swift; sourceTree = "<group>"; };
		8FD041A11A2C03AA00FE28EF /* UIFontExtention.swift */ = {isa = PBXFileReference; fileEncoding = 4; lastKnownFileType = sourcecode.swift; path = UIFontExtention.swift; sourceTree = "<group>"; };
		8FEE88461A411BA90011CE4A /* UIViewControllerExtension.swift */ = {isa = PBXFileReference; fileEncoding = 4; lastKnownFileType = sourcecode.swift; path = UIViewControllerExtension.swift; sourceTree = "<group>"; };
		8FEE88491A4371A80011CE4A /* Alamofire.xcodeproj */ = {isa = PBXFileReference; lastKnownFileType = "wrapper.pb-project"; name = Alamofire.xcodeproj; path = ../ThirdParty/Alamofire/Alamofire.xcodeproj; sourceTree = "<group>"; };
		8FF297FC1A4A4DCA00306CFC /* SearchViewController.swift */ = {isa = PBXFileReference; fileEncoding = 4; lastKnownFileType = sourcecode.swift; path = SearchViewController.swift; sourceTree = "<group>"; };
		8FF298011A4A4E3600306CFC /* ProfileImagesCollectionViewCell.swift */ = {isa = PBXFileReference; fileEncoding = 4; lastKnownFileType = sourcecode.swift; path = ProfileImagesCollectionViewCell.swift; sourceTree = "<group>"; };
		8FF298021A4A4E3600306CFC /* ProfileImagesCollectionViewCell.xib */ = {isa = PBXFileReference; fileEncoding = 4; lastKnownFileType = file.xib; path = ProfileImagesCollectionViewCell.xib; sourceTree = "<group>"; };
		8FF298081A4B490E00306CFC /* SearchHeaderView.swift */ = {isa = PBXFileReference; fileEncoding = 4; lastKnownFileType = sourcecode.swift; path = SearchHeaderView.swift; sourceTree = "<group>"; };
		8FF298091A4B490E00306CFC /* SearchHeaderView.xib */ = {isa = PBXFileReference; fileEncoding = 4; lastKnownFileType = file.xib; path = SearchHeaderView.xib; sourceTree = "<group>"; };
		8FF298431A4DF38E00306CFC /* TagSelectorViewController.swift */ = {isa = PBXFileReference; fileEncoding = 4; lastKnownFileType = sourcecode.swift; path = TagSelectorViewController.swift; sourceTree = "<group>"; };
		8FF298451A4E050100306CFC /* TagCollectionViewCell.swift */ = {isa = PBXFileReference; fileEncoding = 4; lastKnownFileType = sourcecode.swift; path = TagCollectionViewCell.swift; sourceTree = "<group>"; };
		8FF298461A4E050100306CFC /* TagCollectionViewCell.xib */ = {isa = PBXFileReference; fileEncoding = 4; lastKnownFileType = file.xib; path = TagCollectionViewCell.xib; sourceTree = "<group>"; };
		8FF2984C1A4E29F400306CFC /* PaddedLabel.swift */ = {isa = PBXFileReference; fileEncoding = 4; lastKnownFileType = sourcecode.swift; path = PaddedLabel.swift; sourceTree = "<group>"; };
		8FF298521A4E306600306CFC /* CenterAlignFlowLayout.swift */ = {isa = PBXFileReference; fileEncoding = 4; lastKnownFileType = sourcecode.swift; path = CenterAlignFlowLayout.swift; sourceTree = "<group>"; };
		BF041BB91A2C119B0043EC72 /* NSDateFormatterExtension.swift */ = {isa = PBXFileReference; fileEncoding = 4; lastKnownFileType = sourcecode.swift; path = NSDateFormatterExtension.swift; sourceTree = "<group>"; };
		BF24FCF21A4A25E6003DF4C2 /* ProtobufRegistry.xcodeproj */ = {isa = PBXFileReference; lastKnownFileType = "wrapper.pb-project"; name = ProtobufRegistry.xcodeproj; path = "ThirdParty/protobuf-registry/swift/ProtobufRegistry/ProtobufRegistry.xcodeproj"; sourceTree = SOURCE_ROOT; };
		BF2CBFD51A473E9100BE589D /* UserService.swift */ = {isa = PBXFileReference; fileEncoding = 4; lastKnownFileType = sourcecode.swift; path = UserService.swift; sourceTree = "<group>"; };
		BF59AA921A2C152F00C0CDB9 /* UITableViewExtension.swift */ = {isa = PBXFileReference; fileEncoding = 4; lastKnownFileType = sourcecode.swift; path = UITableViewExtension.swift; sourceTree = "<group>"; };
		BF7DF98E1A44E53200A4F924 /* ServiceTransport.swift */ = {isa = PBXFileReference; fileEncoding = 4; lastKnownFileType = sourcecode.swift; path = ServiceTransport.swift; sourceTree = "<group>"; };
		BF8FC3D81A44DA83007FD8BA /* StringExtension.swift */ = {isa = PBXFileReference; fileEncoding = 4; lastKnownFileType = sourcecode.swift; path = StringExtension.swift; sourceTree = "<group>"; };
		BFB791881A2C346A0048E8FB /* CALayerExtension.swift */ = {isa = PBXFileReference; fileEncoding = 4; lastKnownFileType = sourcecode.swift; path = CALayerExtension.swift; sourceTree = "<group>"; };
		BFB7918A1A2C3C860048E8FB /* SpringFlowLayout.swift */ = {isa = PBXFileReference; fileEncoding = 4; lastKnownFileType = sourcecode.swift; path = SpringFlowLayout.swift; sourceTree = "<group>"; };
		BFC6CF9B1A44D2B90081F45B /* ServiceClient.swift */ = {isa = PBXFileReference; fileEncoding = 4; lastKnownFileType = sourcecode.swift; path = ServiceClient.swift; sourceTree = "<group>"; };
		BFC6CFA11A44D4DE0081F45B /* ClientTests.swift */ = {isa = PBXFileReference; fileEncoding = 4; lastKnownFileType = sourcecode.swift; path = ClientTests.swift; sourceTree = "<group>"; };
		BFEDB1421A2A8CA700250165 /* UICollectionViewFlowLayoutExtension.swift */ = {isa = PBXFileReference; fileEncoding = 4; lastKnownFileType = sourcecode.swift; path = UICollectionViewFlowLayoutExtension.swift; sourceTree = "<group>"; };
		BFFB19F91A4872E200CCFFC3 /* Locksmith.xcodeproj */ = {isa = PBXFileReference; lastKnownFileType = "wrapper.pb-project"; name = Locksmith.xcodeproj; path = ThirdParty/Locksmith/Locksmith.xcodeproj; sourceTree = SOURCE_ROOT; };
		CC982AC8BAF0AFF23DCD301A /* Pods.debug.xcconfig */ = {isa = PBXFileReference; includeInIndex = 1; lastKnownFileType = text.xcconfig; name = Pods.debug.xcconfig; path = "Pods/Target Support Files/Pods/Pods.debug.xcconfig"; sourceTree = "<group>"; };
		FD94FE17CC5CD80FF96B24E5 /* libPods.a */ = {isa = PBXFileReference; explicitFileType = archive.ar; includeInIndex = 0; path = libPods.a; sourceTree = BUILT_PRODUCTS_DIR; };
/* End PBXFileReference section */

/* Begin PBXFrameworksBuildPhase section */
		8F00048D1A2419730096477A /* Frameworks */ = {
			isa = PBXFrameworksBuildPhase;
			buildActionMask = 2147483647;
			files = (
				A73E1BB3914D1A036D2FAE47 /* libPods.a in Frameworks */,
			);
			runOnlyForDeploymentPostprocessing = 0;
		};
		8F0004A71A2419730096477A /* Frameworks */ = {
			isa = PBXFrameworksBuildPhase;
			buildActionMask = 2147483647;
			files = (
				7899CA44139AE8B96BACC3EA /* libPods.a in Frameworks */,
			);
			runOnlyForDeploymentPostprocessing = 0;
		};
/* End PBXFrameworksBuildPhase section */

/* Begin PBXGroup section */
		31F9C7E511DF7D5BF18D0B04 /* Frameworks */ = {
			isa = PBXGroup;
			children = (
				FD94FE17CC5CD80FF96B24E5 /* libPods.a */,
			);
			name = Frameworks;
			sourceTree = "<group>";
		};
		8F0004871A2419730096477A = {
			isa = PBXGroup;
			children = (
				8F0004921A2419730096477A /* Circle */,
				8F0004AD1A2419730096477A /* CircleTests */,
				8F0004911A2419730096477A /* Products */,
				D3792F80AEE37ECED92A044F /* Pods */,
				31F9C7E511DF7D5BF18D0B04 /* Frameworks */,
			);
			sourceTree = "<group>";
		};
		8F0004911A2419730096477A /* Products */ = {
			isa = PBXGroup;
			children = (
				8F0004901A2419730096477A /* Circle.app */,
				8F0004AA1A2419730096477A /* CircleTests.xctest */,
			);
			name = Products;
			sourceTree = "<group>";
		};
		8F0004921A2419730096477A /* Circle */ = {
			isa = PBXGroup;
			children = (
				8FEE88491A4371A80011CE4A /* Alamofire.xcodeproj */,
				BFFB19F91A4872E200CCFFC3 /* Locksmith.xcodeproj */,
				BF24FCF21A4A25E6003DF4C2 /* ProtobufRegistry.xcodeproj */,
				8F0004951A2419730096477A /* AppDelegate.swift */,
				8F0004C41A25BA510096477A /* Assets */,
				8F22CBF31A2864CC0026376E /* DataSources */,
				8F0004C21A25BA0F0096477A /* Extensions */,
				8F22CBF21A2864760026376E /* Layouts */,
				8F0004C31A25BA370096477A /* Models */,
				BF2CBFD21A473E7F00BE589D /* Services */,
				BFC6CF9A1A44D2AB0081F45B /* SOA */,
				8F0004C51A25BA650096477A /* Storyboards / XIBs */,
				8F0004931A2419730096477A /* Supporting Files */,
				8FEE88551A43725E0011CE4A /* ThirdParty */,
				8F22CBFC1A29C6F00026376E /* Utils */,
				8F0004C01A25B9FE0096477A /* ViewControllers */,
				8F0004C11A25BA090096477A /* Views */,
			);
			path = Circle;
			sourceTree = "<group>";
		};
		8F0004931A2419730096477A /* Supporting Files */ = {
			isa = PBXGroup;
			children = (
				8F22CB7A1A268C040026376E /* Circle-Bridging-Header.h */,
				8F0004941A2419730096477A /* Info.plist */,
			);
			name = "Supporting Files";
			sourceTree = "<group>";
		};
		8F0004AD1A2419730096477A /* CircleTests */ = {
			isa = PBXGroup;
			children = (
				BFC6CFA01A44D4CA0081F45B /* SOA Tests */,
				8F0004B01A2419730096477A /* CircleTests.swift */,
				8F0004AE1A2419730096477A /* Supporting Files */,
			);
			path = CircleTests;
			sourceTree = "<group>";
		};
		8F0004AE1A2419730096477A /* Supporting Files */ = {
			isa = PBXGroup;
			children = (
				8F0004AF1A2419730096477A /* Info.plist */,
			);
			name = "Supporting Files";
			sourceTree = "<group>";
		};
		8F0004C01A25B9FE0096477A /* ViewControllers */ = {
			isa = PBXGroup;
			children = (
				8F22CBF61A29A8EB0026376E /* AuthViewController.swift */,
				8F22CB721A264A8A0026376E /* MainTabViewController.swift */,
				8F00049A1A2419730096477A /* PeopleViewController.swift */,
				8F00049C1A2419730096477A /* ProfileViewController.swift */,
				8FF297FC1A4A4DCA00306CFC /* SearchViewController.swift */,
				8FF298431A4DF38E00306CFC /* TagSelectorViewController.swift */,
			);
			name = ViewControllers;
			sourceTree = "<group>";
		};
		8F0004C11A25BA090096477A /* Views */ = {
			isa = PBXGroup;
			children = (
				8FF298511A4E2B3300306CFC /* Common */,
				8F65C4F31A50F28E00C7F3E6 /* CardHeaderCollectionReusableView.swift */,
				8F65C5001A51462500C7F3E6 /* CircleCollectionViewCell.swift */,
				8F0004BC1A24225A0096477A /* ContactTableViewCell.swift */,
				8F22CBE61A27FDA70026376E /* ProfileAttributeCollectionViewCell.swift */,
				8F22CBDE1A27A8E60026376E /* ProfileHeaderCollectionReusableView.swift */,
				8FF298011A4A4E3600306CFC /* ProfileImagesCollectionViewCell.swift */,
				8FF298081A4B490E00306CFC /* SearchHeaderView.swift */,
				8F22CBEC1A283D3D0026376E /* SeparatorDecorationView.swift */,
				8FF298451A4E050100306CFC /* TagCollectionViewCell.swift */,
			);
			name = Views;
			sourceTree = "<group>";
		};
		8F0004C21A25BA0F0096477A /* Extensions */ = {
			isa = PBXGroup;
			children = (
				8F22CB761A2661890026376E /* AppDelegateAppearanceExtension.swift */,
				8F22CB741A26600D0026376E /* AppDelegateParseExtension.swift */,
				BFB791881A2C346A0048E8FB /* CALayerExtension.swift */,
				BF041BB91A2C119B0043EC72 /* NSDateFormatterExtension.swift */,
				BFEDB1421A2A8CA700250165 /* UICollectionViewFlowLayoutExtension.swift */,
				8F0004BA1A241BDE0096477A /* UIColorExtension.swift */,
				8FD041A11A2C03AA00FE28EF /* UIFontExtention.swift */,
				8F22CBE21A27AE9B0026376E /* UIImageViewExtension.swift */,
				8F22CBF01A2844F50026376E /* UINavigationBarExtension.swift */,
				BF59AA921A2C152F00C0CDB9 /* UITableViewExtension.swift */,
				8FEE88461A411BA90011CE4A /* UIViewControllerExtension.swift */,
				8F22CBFA1A29AF450026376E /* UIViewExtension.swift */,
				BF8FC3D81A44DA83007FD8BA /* StringExtension.swift */,
			);
			name = Extensions;
			sourceTree = "<group>";
		};
		8F0004C31A25BA370096477A /* Models */ = {
			isa = PBXGroup;
			children = (
				8F65C4FA1A50F92500C7F3E6 /* Card.swift */,
				8F22CB781A266D3F0026376E /* Person.swift */,
			);
			name = Models;
			sourceTree = "<group>";
		};
		8F0004C41A25BA510096477A /* Assets */ = {
			isa = PBXGroup;
			children = (
				8F0004A11A2419730096477A /* Images.xcassets */,
			);
			name = Assets;
			sourceTree = "<group>";
		};
		8F0004C51A25BA650096477A /* Storyboards / XIBs */ = {
			isa = PBXGroup;
			children = (
				8F22CBF71A29A8EB0026376E /* AuthViewController.xib */,
				8F65C4F41A50F28E00C7F3E6 /* CardHeaderCollectionReusableView.xib */,
				8F0004BD1A24225A0096477A /* ContactTableViewCell.xib */,
				8F0004A31A2419730096477A /* LaunchScreen.xib */,
				8F00049E1A2419730096477A /* Main.storyboard */,
				8F22CBE71A27FDA70026376E /* ProfileAttributeCollectionViewCell.xib */,
				8F22CBDF1A27A8E60026376E /* ProfileHeaderCollectionReusableView.xib */,
				8FF298021A4A4E3600306CFC /* ProfileImagesCollectionViewCell.xib */,
				8FF298091A4B490E00306CFC /* SearchHeaderView.xib */,
				8FF298461A4E050100306CFC /* TagCollectionViewCell.xib */,
			);
			name = "Storyboards / XIBs";
			sourceTree = "<group>";
		};
		8F22CBF21A2864760026376E /* Layouts */ = {
			isa = PBXGroup;
			children = (
				8FF298521A4E306600306CFC /* CenterAlignFlowLayout.swift */,
				8F22CBE41A27ED190026376E /* ProfileCollectionViewLayout.swift */,
				BFB7918A1A2C3C860048E8FB /* SpringFlowLayout.swift */,
			);
			name = Layouts;
			sourceTree = "<group>";
		};
		8F22CBF31A2864CC0026376E /* DataSources */ = {
			isa = PBXGroup;
			children = (
				8F22CBF41A2865030026376E /* ProfileDataSource.swift */,
			);
			name = DataSources;
			sourceTree = "<group>";
		};
		8F22CBFC1A29C6F00026376E /* Utils */ = {
			isa = PBXGroup;
			children = (
				8F22CBFD1A29C7120026376E /* GCDUtils.swift */,
			);
			name = Utils;
			sourceTree = "<group>";
		};
		8FEE88551A43725E0011CE4A /* ThirdParty */ = {
			isa = PBXGroup;
			children = (
			);
			name = ThirdParty;
			sourceTree = "<group>";
		};
		8FEE88561A437DB10011CE4A /* Products */ = {
			isa = PBXGroup;
			children = (
				8FEE885B1A437DB10011CE4A /* Alamofire.framework */,
				8FEE885D1A437DB10011CE4A /* AlamofireTests.xctest */,
			);
			name = Products;
			sourceTree = "<group>";
		};
		8FF298511A4E2B3300306CFC /* Common */ = {
			isa = PBXGroup;
			children = (
				8FF2984C1A4E29F400306CFC /* PaddedLabel.swift */,
			);
			name = Common;
			sourceTree = "<group>";
		};
		BF24FCF31A4A25E6003DF4C2 /* Products */ = {
			isa = PBXGroup;
			children = (
				BF24FCF81A4A25E7003DF4C2 /* ProtobufRegistry.framework */,
				BF24FCFA1A4A25E7003DF4C2 /* ProtobufRegistryTests.xctest */,
			);
			name = Products;
			sourceTree = "<group>";
		};
		BF2CBFD21A473E7F00BE589D /* Services */ = {
			isa = PBXGroup;
			children = (
				BF2CBFD51A473E9100BE589D /* UserService.swift */,
			);
			name = Services;
			sourceTree = "<group>";
		};
		BFC6CF9A1A44D2AB0081F45B /* SOA */ = {
			isa = PBXGroup;
			children = (
				BFC6CF9B1A44D2B90081F45B /* ServiceClient.swift */,
				BF7DF98E1A44E53200A4F924 /* ServiceTransport.swift */,
			);
			name = SOA;
			sourceTree = "<group>";
		};
		BFC6CFA01A44D4CA0081F45B /* SOA Tests */ = {
			isa = PBXGroup;
			children = (
				BFC6CFA11A44D4DE0081F45B /* ClientTests.swift */,
			);
			name = "SOA Tests";
			sourceTree = "<group>";
		};
		BFFB19FA1A4872E200CCFFC3 /* Products */ = {
			isa = PBXGroup;
			children = (
				BFFB19FF1A4872E200CCFFC3 /* Locksmith.framework */,
				BFFB1A011A4872E200CCFFC3 /* LocksmithTests.xctest */,
			);
			name = Products;
			sourceTree = "<group>";
		};
		D3792F80AEE37ECED92A044F /* Pods */ = {
			isa = PBXGroup;
			children = (
				CC982AC8BAF0AFF23DCD301A /* Pods.debug.xcconfig */,
				0E955F60570F60CAEDB21587 /* Pods.release.xcconfig */,
			);
			name = Pods;
			sourceTree = "<group>";
		};
/* End PBXGroup section */

/* Begin PBXNativeTarget section */
		8F00048F1A2419730096477A /* Circle */ = {
			isa = PBXNativeTarget;
			buildConfigurationList = 8F0004B41A2419730096477A /* Build configuration list for PBXNativeTarget "Circle" */;
			buildPhases = (
				C51663628A70DADB14DD6582 /* Check Pods Manifest.lock */,
				8F00048C1A2419730096477A /* Sources */,
				8F00048D1A2419730096477A /* Frameworks */,
				8F00048E1A2419730096477A /* Resources */,
				3C394438B815062A6628C956 /* Copy Pods Resources */,
				8FEE88481A4370D90011CE4A /* Copy Frameworks */,
			);
			buildRules = (
			);
			dependencies = (
				BF24FCFC1A4A25F0003DF4C2 /* PBXTargetDependency */,
				8FEE885F1A437DB90011CE4A /* PBXTargetDependency */,
				BFFB1A031A4872ED00CCFFC3 /* PBXTargetDependency */,
			);
			name = Circle;
			productName = Circle;
			productReference = 8F0004901A2419730096477A /* Circle.app */;
			productType = "com.apple.product-type.application";
		};
		8F0004A91A2419730096477A /* CircleTests */ = {
			isa = PBXNativeTarget;
			buildConfigurationList = 8F0004B71A2419730096477A /* Build configuration list for PBXNativeTarget "CircleTests" */;
			buildPhases = (
				D1CEA30AD39857098E1E755B /* Check Pods Manifest.lock */,
				8F0004A61A2419730096477A /* Sources */,
				8F0004A71A2419730096477A /* Frameworks */,
				8F0004A81A2419730096477A /* Resources */,
				9390DB12278ECFD5C0BC90B7 /* Copy Pods Resources */,
			);
			buildRules = (
			);
			dependencies = (
				8F0004AC1A2419730096477A /* PBXTargetDependency */,
			);
			name = CircleTests;
			productName = CircleTests;
			productReference = 8F0004AA1A2419730096477A /* CircleTests.xctest */;
			productType = "com.apple.product-type.bundle.unit-test";
		};
/* End PBXNativeTarget section */

/* Begin PBXProject section */
		8F0004881A2419730096477A /* Project object */ = {
			isa = PBXProject;
			attributes = {
				LastUpgradeCheck = 0610;
				ORGANIZATIONNAME = "RH Labs Inc.";
				TargetAttributes = {
					8F00048F1A2419730096477A = {
						CreatedOnToolsVersion = 6.1;
						DevelopmentTeam = QCBR7VGPK8;
					};
					8F0004A91A2419730096477A = {
						CreatedOnToolsVersion = 6.1;
						TestTargetID = 8F00048F1A2419730096477A;
					};
				};
			};
			buildConfigurationList = 8F00048B1A2419730096477A /* Build configuration list for PBXProject "Circle" */;
			compatibilityVersion = "Xcode 3.2";
			developmentRegion = English;
			hasScannedForEncodings = 0;
			knownRegions = (
				en,
				Base,
			);
			mainGroup = 8F0004871A2419730096477A;
			productRefGroup = 8F0004911A2419730096477A /* Products */;
			projectDirPath = "";
			projectReferences = (
				{
					ProductGroup = 8FEE88561A437DB10011CE4A /* Products */;
					ProjectRef = 8FEE88491A4371A80011CE4A /* Alamofire.xcodeproj */;
				},
				{
					ProductGroup = BFFB19FA1A4872E200CCFFC3 /* Products */;
					ProjectRef = BFFB19F91A4872E200CCFFC3 /* Locksmith.xcodeproj */;
				},
				{
					ProductGroup = BF24FCF31A4A25E6003DF4C2 /* Products */;
					ProjectRef = BF24FCF21A4A25E6003DF4C2 /* ProtobufRegistry.xcodeproj */;
				},
			);
			projectRoot = "";
			targets = (
				8F00048F1A2419730096477A /* Circle */,
				8F0004A91A2419730096477A /* CircleTests */,
			);
		};
/* End PBXProject section */

/* Begin PBXReferenceProxy section */
		8FEE885B1A437DB10011CE4A /* Alamofire.framework */ = {
			isa = PBXReferenceProxy;
			fileType = wrapper.framework;
			path = Alamofire.framework;
			remoteRef = 8FEE885A1A437DB10011CE4A /* PBXContainerItemProxy */;
			sourceTree = BUILT_PRODUCTS_DIR;
		};
		8FEE885D1A437DB10011CE4A /* AlamofireTests.xctest */ = {
			isa = PBXReferenceProxy;
			fileType = wrapper.cfbundle;
			path = AlamofireTests.xctest;
			remoteRef = 8FEE885C1A437DB10011CE4A /* PBXContainerItemProxy */;
			sourceTree = BUILT_PRODUCTS_DIR;
		};
		BF24FCF81A4A25E7003DF4C2 /* ProtobufRegistry.framework */ = {
			isa = PBXReferenceProxy;
			fileType = wrapper.framework;
			path = ProtobufRegistry.framework;
			remoteRef = BF24FCF71A4A25E7003DF4C2 /* PBXContainerItemProxy */;
			sourceTree = BUILT_PRODUCTS_DIR;
		};
		BF24FCFA1A4A25E7003DF4C2 /* ProtobufRegistryTests.xctest */ = {
			isa = PBXReferenceProxy;
			fileType = wrapper.cfbundle;
			path = ProtobufRegistryTests.xctest;
			remoteRef = BF24FCF91A4A25E7003DF4C2 /* PBXContainerItemProxy */;
			sourceTree = BUILT_PRODUCTS_DIR;
		};
		BFFB19FF1A4872E200CCFFC3 /* Locksmith.framework */ = {
			isa = PBXReferenceProxy;
			fileType = wrapper.framework;
			path = Locksmith.framework;
			remoteRef = BFFB19FE1A4872E200CCFFC3 /* PBXContainerItemProxy */;
			sourceTree = BUILT_PRODUCTS_DIR;
		};
		BFFB1A011A4872E200CCFFC3 /* LocksmithTests.xctest */ = {
			isa = PBXReferenceProxy;
			fileType = wrapper.cfbundle;
			path = LocksmithTests.xctest;
			remoteRef = BFFB1A001A4872E200CCFFC3 /* PBXContainerItemProxy */;
			sourceTree = BUILT_PRODUCTS_DIR;
		};
/* End PBXReferenceProxy section */

/* Begin PBXResourcesBuildPhase section */
		8F00048E1A2419730096477A /* Resources */ = {
			isa = PBXResourcesBuildPhase;
			buildActionMask = 2147483647;
			files = (
				8FF298041A4A4E3600306CFC /* ProfileImagesCollectionViewCell.xib in Resources */,
				8F0004BF1A24225A0096477A /* ContactTableViewCell.xib in Resources */,
				8F22CBE91A27FDA70026376E /* ProfileAttributeCollectionViewCell.xib in Resources */,
				8FF2980B1A4B490E00306CFC /* SearchHeaderView.xib in Resources */,
				8F0004A01A2419730096477A /* Main.storyboard in Resources */,
				8F22CBF91A29A8EB0026376E /* AuthViewController.xib in Resources */,
				8F0004A51A2419730096477A /* LaunchScreen.xib in Resources */,
				8FF298481A4E050100306CFC /* TagCollectionViewCell.xib in Resources */,
				8F22CBE11A27A8E60026376E /* ProfileHeaderCollectionReusableView.xib in Resources */,
				8F0004A21A2419730096477A /* Images.xcassets in Resources */,
				8F65C4F61A50F28E00C7F3E6 /* CardHeaderCollectionReusableView.xib in Resources */,
			);
			runOnlyForDeploymentPostprocessing = 0;
		};
		8F0004A81A2419730096477A /* Resources */ = {
			isa = PBXResourcesBuildPhase;
			buildActionMask = 2147483647;
			files = (
			);
			runOnlyForDeploymentPostprocessing = 0;
		};
/* End PBXResourcesBuildPhase section */

/* Begin PBXShellScriptBuildPhase section */
		3C394438B815062A6628C956 /* Copy Pods Resources */ = {
			isa = PBXShellScriptBuildPhase;
			buildActionMask = 2147483647;
			files = (
			);
			inputPaths = (
			);
			name = "Copy Pods Resources";
			outputPaths = (
			);
			runOnlyForDeploymentPostprocessing = 0;
			shellPath = /bin/sh;
			shellScript = "\"${SRCROOT}/Pods/Target Support Files/Pods/Pods-resources.sh\"\n";
			showEnvVarsInLog = 0;
		};
		9390DB12278ECFD5C0BC90B7 /* Copy Pods Resources */ = {
			isa = PBXShellScriptBuildPhase;
			buildActionMask = 2147483647;
			files = (
			);
			inputPaths = (
			);
			name = "Copy Pods Resources";
			outputPaths = (
			);
			runOnlyForDeploymentPostprocessing = 0;
			shellPath = /bin/sh;
			shellScript = "\"${SRCROOT}/Pods/Target Support Files/Pods/Pods-resources.sh\"\n";
			showEnvVarsInLog = 0;
		};
		C51663628A70DADB14DD6582 /* Check Pods Manifest.lock */ = {
			isa = PBXShellScriptBuildPhase;
			buildActionMask = 2147483647;
			files = (
			);
			inputPaths = (
			);
			name = "Check Pods Manifest.lock";
			outputPaths = (
			);
			runOnlyForDeploymentPostprocessing = 0;
			shellPath = /bin/sh;
			shellScript = "diff \"${PODS_ROOT}/../Podfile.lock\" \"${PODS_ROOT}/Manifest.lock\" > /dev/null\nif [[ $? != 0 ]] ; then\n    cat << EOM\nerror: The sandbox is not in sync with the Podfile.lock. Run 'pod install' or update your CocoaPods installation.\nEOM\n    exit 1\nfi\n";
			showEnvVarsInLog = 0;
		};
		D1CEA30AD39857098E1E755B /* Check Pods Manifest.lock */ = {
			isa = PBXShellScriptBuildPhase;
			buildActionMask = 2147483647;
			files = (
			);
			inputPaths = (
			);
			name = "Check Pods Manifest.lock";
			outputPaths = (
			);
			runOnlyForDeploymentPostprocessing = 0;
			shellPath = /bin/sh;
			shellScript = "diff \"${PODS_ROOT}/../Podfile.lock\" \"${PODS_ROOT}/Manifest.lock\" > /dev/null\nif [[ $? != 0 ]] ; then\n    cat << EOM\nerror: The sandbox is not in sync with the Podfile.lock. Run 'pod install' or update your CocoaPods installation.\nEOM\n    exit 1\nfi\n";
			showEnvVarsInLog = 0;
		};
/* End PBXShellScriptBuildPhase section */

/* Begin PBXSourcesBuildPhase section */
		8F00048C1A2419730096477A /* Sources */ = {
			isa = PBXSourcesBuildPhase;
			buildActionMask = 2147483647;
			files = (
				8FD041A21A2C03AA00FE28EF /* UIFontExtention.swift in Sources */,
				8F22CB791A266D3F0026376E /* Person.swift in Sources */,
				8F22CBED1A283D3D0026376E /* SeparatorDecorationView.swift in Sources */,
				8F0004BE1A24225A0096477A /* ContactTableViewCell.swift in Sources */,
				8F65C4FB1A50F92500C7F3E6 /* Card.swift in Sources */,
				8F22CBE01A27A8E60026376E /* ProfileHeaderCollectionReusableView.swift in Sources */,
				BF8FC3D91A44DA83007FD8BA /* StringExtension.swift in Sources */,
				8FF2984D1A4E29F400306CFC /* PaddedLabel.swift in Sources */,
				8F0004961A2419730096477A /* AppDelegate.swift in Sources */,
				8F22CBE51A27ED190026376E /* ProfileCollectionViewLayout.swift in Sources */,
				8FF298441A4DF38E00306CFC /* TagSelectorViewController.swift in Sources */,
				8F22CBFB1A29AF450026376E /* UIViewExtension.swift in Sources */,
				8FF297FD1A4A4DCA00306CFC /* SearchViewController.swift in Sources */,
				8F0004BB1A241BDE0096477A /* UIColorExtension.swift in Sources */,
				8F00049B1A2419730096477A /* PeopleViewController.swift in Sources */,
				BF041BBA1A2C119B0043EC72 /* NSDateFormatterExtension.swift in Sources */,
				8FF2980A1A4B490E00306CFC /* SearchHeaderView.swift in Sources */,
				BF59AA931A2C152F00C0CDB9 /* UITableViewExtension.swift in Sources */,
				BF2CBFD61A473E9100BE589D /* UserService.swift in Sources */,
				8FF298471A4E050100306CFC /* TagCollectionViewCell.swift in Sources */,
				8F22CBF11A2844F50026376E /* UINavigationBarExtension.swift in Sources */,
				BFEDB1431A2A8CA700250165 /* UICollectionViewFlowLayoutExtension.swift in Sources */,
				8F22CBF81A29A8EB0026376E /* AuthViewController.swift in Sources */,
				8FF298531A4E306600306CFC /* CenterAlignFlowLayout.swift in Sources */,
				8F22CBE31A27AE9B0026376E /* UIImageViewExtension.swift in Sources */,
				8F22CB731A264A8A0026376E /* MainTabViewController.swift in Sources */,
				BFB7918B1A2C3C860048E8FB /* SpringFlowLayout.swift in Sources */,
				8F22CBF51A2865030026376E /* ProfileDataSource.swift in Sources */,
				8F22CB771A2661890026376E /* AppDelegateAppearanceExtension.swift in Sources */,
				8F22CBFE1A29C7120026376E /* GCDUtils.swift in Sources */,
				8F22CB751A26600D0026376E /* AppDelegateParseExtension.swift in Sources */,
				8F00049D1A2419730096477A /* ProfileViewController.swift in Sources */,
				BF7DF98F1A44E53200A4F924 /* ServiceTransport.swift in Sources */,
				8FEE88471A411BA90011CE4A /* UIViewControllerExtension.swift in Sources */,
				8F22CBE81A27FDA70026376E /* ProfileAttributeCollectionViewCell.swift in Sources */,
				8F65C5011A51462500C7F3E6 /* CircleCollectionViewCell.swift in Sources */,
				8F65C4F51A50F28E00C7F3E6 /* CardHeaderCollectionReusableView.swift in Sources */,
				BFC6CF9C1A44D2B90081F45B /* ServiceClient.swift in Sources */,
				8FF298031A4A4E3600306CFC /* ProfileImagesCollectionViewCell.swift in Sources */,
				BFB791891A2C346A0048E8FB /* CALayerExtension.swift in Sources */,
			);
			runOnlyForDeploymentPostprocessing = 0;
		};
		8F0004A61A2419730096477A /* Sources */ = {
			isa = PBXSourcesBuildPhase;
			buildActionMask = 2147483647;
			files = (
				BFC6CFA21A44D4DE0081F45B /* ClientTests.swift in Sources */,
				8F0004B11A2419730096477A /* CircleTests.swift in Sources */,
			);
			runOnlyForDeploymentPostprocessing = 0;
		};
/* End PBXSourcesBuildPhase section */

/* Begin PBXTargetDependency section */
		8F0004AC1A2419730096477A /* PBXTargetDependency */ = {
			isa = PBXTargetDependency;
			target = 8F00048F1A2419730096477A /* Circle */;
			targetProxy = 8F0004AB1A2419730096477A /* PBXContainerItemProxy */;
		};
		8FEE885F1A437DB90011CE4A /* PBXTargetDependency */ = {
			isa = PBXTargetDependency;
			name = Alamofire;
			targetProxy = 8FEE885E1A437DB90011CE4A /* PBXContainerItemProxy */;
		};
		BF24FCFC1A4A25F0003DF4C2 /* PBXTargetDependency */ = {
			isa = PBXTargetDependency;
			name = ProtobufRegistry;
			targetProxy = BF24FCFB1A4A25F0003DF4C2 /* PBXContainerItemProxy */;
		};
		BFFB1A031A4872ED00CCFFC3 /* PBXTargetDependency */ = {
			isa = PBXTargetDependency;
			name = Locksmith;
			targetProxy = BFFB1A021A4872ED00CCFFC3 /* PBXContainerItemProxy */;
		};
/* End PBXTargetDependency section */

/* Begin PBXVariantGroup section */
		8F00049E1A2419730096477A /* Main.storyboard */ = {
			isa = PBXVariantGroup;
			children = (
				8F00049F1A2419730096477A /* Base */,
			);
			name = Main.storyboard;
			sourceTree = "<group>";
		};
		8F0004A31A2419730096477A /* LaunchScreen.xib */ = {
			isa = PBXVariantGroup;
			children = (
				8F0004A41A2419730096477A /* Base */,
			);
			name = LaunchScreen.xib;
			sourceTree = "<group>";
		};
/* End PBXVariantGroup section */

/* Begin XCBuildConfiguration section */
		8F0004B21A2419730096477A /* Debug */ = {
			isa = XCBuildConfiguration;
			buildSettings = {
				ALWAYS_SEARCH_USER_PATHS = NO;
				CLANG_CXX_LANGUAGE_STANDARD = "gnu++0x";
				CLANG_CXX_LIBRARY = "libc++";
				CLANG_ENABLE_MODULES = YES;
				CLANG_ENABLE_OBJC_ARC = YES;
				CLANG_WARN_BOOL_CONVERSION = YES;
				CLANG_WARN_CONSTANT_CONVERSION = YES;
				CLANG_WARN_DIRECT_OBJC_ISA_USAGE = YES_ERROR;
				CLANG_WARN_EMPTY_BODY = YES;
				CLANG_WARN_ENUM_CONVERSION = YES;
				CLANG_WARN_INT_CONVERSION = YES;
				CLANG_WARN_OBJC_ROOT_CLASS = YES_ERROR;
				CLANG_WARN_UNREACHABLE_CODE = YES;
				CLANG_WARN__DUPLICATE_METHOD_MATCH = YES;
				"CODE_SIGN_IDENTITY[sdk=iphoneos*]" = "iPhone Developer";
				COPY_PHASE_STRIP = NO;
				ENABLE_STRICT_OBJC_MSGSEND = YES;
				GCC_C_LANGUAGE_STANDARD = gnu99;
				GCC_DYNAMIC_NO_PIC = NO;
				GCC_OPTIMIZATION_LEVEL = 0;
				GCC_PREPROCESSOR_DEFINITIONS = (
					"DEBUG=1",
					"$(inherited)",
				);
				GCC_SYMBOLS_PRIVATE_EXTERN = NO;
				GCC_WARN_64_TO_32_BIT_CONVERSION = YES;
				GCC_WARN_ABOUT_RETURN_TYPE = YES_ERROR;
				GCC_WARN_UNDECLARED_SELECTOR = YES;
				GCC_WARN_UNINITIALIZED_AUTOS = YES_AGGRESSIVE;
				GCC_WARN_UNUSED_FUNCTION = YES;
				GCC_WARN_UNUSED_VARIABLE = YES;
				IPHONEOS_DEPLOYMENT_TARGET = 8.0;
				MTL_ENABLE_DEBUG_INFO = YES;
				ONLY_ACTIVE_ARCH = YES;
				SDKROOT = iphoneos;
				SWIFT_OPTIMIZATION_LEVEL = "-Onone";
				TARGETED_DEVICE_FAMILY = "1,2";
			};
			name = Debug;
		};
		8F0004B31A2419730096477A /* Release */ = {
			isa = XCBuildConfiguration;
			buildSettings = {
				ALWAYS_SEARCH_USER_PATHS = NO;
				CLANG_CXX_LANGUAGE_STANDARD = "gnu++0x";
				CLANG_CXX_LIBRARY = "libc++";
				CLANG_ENABLE_MODULES = YES;
				CLANG_ENABLE_OBJC_ARC = YES;
				CLANG_WARN_BOOL_CONVERSION = YES;
				CLANG_WARN_CONSTANT_CONVERSION = YES;
				CLANG_WARN_DIRECT_OBJC_ISA_USAGE = YES_ERROR;
				CLANG_WARN_EMPTY_BODY = YES;
				CLANG_WARN_ENUM_CONVERSION = YES;
				CLANG_WARN_INT_CONVERSION = YES;
				CLANG_WARN_OBJC_ROOT_CLASS = YES_ERROR;
				CLANG_WARN_UNREACHABLE_CODE = YES;
				CLANG_WARN__DUPLICATE_METHOD_MATCH = YES;
				"CODE_SIGN_IDENTITY[sdk=iphoneos*]" = "iPhone Developer";
				COPY_PHASE_STRIP = YES;
				ENABLE_NS_ASSERTIONS = NO;
				ENABLE_STRICT_OBJC_MSGSEND = YES;
				GCC_C_LANGUAGE_STANDARD = gnu99;
				GCC_WARN_64_TO_32_BIT_CONVERSION = YES;
				GCC_WARN_ABOUT_RETURN_TYPE = YES_ERROR;
				GCC_WARN_UNDECLARED_SELECTOR = YES;
				GCC_WARN_UNINITIALIZED_AUTOS = YES_AGGRESSIVE;
				GCC_WARN_UNUSED_FUNCTION = YES;
				GCC_WARN_UNUSED_VARIABLE = YES;
				IPHONEOS_DEPLOYMENT_TARGET = 8.0;
				MTL_ENABLE_DEBUG_INFO = NO;
				SDKROOT = iphoneos;
				TARGETED_DEVICE_FAMILY = "1,2";
				VALIDATE_PRODUCT = YES;
			};
			name = Release;
		};
		8F0004B51A2419730096477A /* Debug */ = {
			isa = XCBuildConfiguration;
			baseConfigurationReference = CC982AC8BAF0AFF23DCD301A /* Pods.debug.xcconfig */;
			buildSettings = {
				ASSETCATALOG_COMPILER_APPICON_NAME = AppIcon;
				CODE_SIGN_IDENTITY = "iPhone Developer";
				"CODE_SIGN_IDENTITY[sdk=iphoneos*]" = "iPhone Developer";
				INFOPLIST_FILE = Circle/Info.plist;
				LD_RUNPATH_SEARCH_PATHS = "$(inherited) @executable_path/Frameworks";
				PRODUCT_NAME = "$(TARGET_NAME)";
				PROVISIONING_PROFILE = "";
				SWIFT_OBJC_BRIDGING_HEADER = "$SRCROOT/Circle/Circle-Bridging-Header.h";
			};
			name = Debug;
		};
		8F0004B61A2419730096477A /* Release */ = {
			isa = XCBuildConfiguration;
			baseConfigurationReference = 0E955F60570F60CAEDB21587 /* Pods.release.xcconfig */;
			buildSettings = {
				ASSETCATALOG_COMPILER_APPICON_NAME = AppIcon;
				CODE_SIGN_IDENTITY = "iPhone Developer";
				"CODE_SIGN_IDENTITY[sdk=iphoneos*]" = "iPhone Developer";
				INFOPLIST_FILE = Circle/Info.plist;
				LD_RUNPATH_SEARCH_PATHS = "$(inherited) @executable_path/Frameworks";
				PRODUCT_NAME = "$(TARGET_NAME)";
				PROVISIONING_PROFILE = "";
				SWIFT_OBJC_BRIDGING_HEADER = "$SRCROOT/Circle/Circle-Bridging-Header.h";
				SWIFT_OPTIMIZATION_LEVEL = "-O";
			};
			name = Release;
		};
		8F0004B81A2419730096477A /* Debug */ = {
			isa = XCBuildConfiguration;
			baseConfigurationReference = CC982AC8BAF0AFF23DCD301A /* Pods.debug.xcconfig */;
			buildSettings = {
				BUNDLE_LOADER = "$(TEST_HOST)";
				FRAMEWORK_SEARCH_PATHS = (
					"$(SDKROOT)/Developer/Library/Frameworks",
					"$(inherited)",
				);
				GCC_PREPROCESSOR_DEFINITIONS = (
					"DEBUG=1",
					"$(inherited)",
				);
				INFOPLIST_FILE = CircleTests/Info.plist;
				LD_RUNPATH_SEARCH_PATHS = "$(inherited) @executable_path/Frameworks @loader_path/Frameworks";
				PRODUCT_NAME = "$(TARGET_NAME)";
				TEST_HOST = "$(BUILT_PRODUCTS_DIR)/Circle.app/Circle";
			};
			name = Debug;
		};
		8F0004B91A2419730096477A /* Release */ = {
			isa = XCBuildConfiguration;
			baseConfigurationReference = 0E955F60570F60CAEDB21587 /* Pods.release.xcconfig */;
			buildSettings = {
				BUNDLE_LOADER = "$(TEST_HOST)";
				FRAMEWORK_SEARCH_PATHS = (
					"$(SDKROOT)/Developer/Library/Frameworks",
					"$(inherited)",
				);
				INFOPLIST_FILE = CircleTests/Info.plist;
				LD_RUNPATH_SEARCH_PATHS = "$(inherited) @executable_path/Frameworks @loader_path/Frameworks";
				PRODUCT_NAME = "$(TARGET_NAME)";
				TEST_HOST = "$(BUILT_PRODUCTS_DIR)/Circle.app/Circle";
			};
			name = Release;
		};
/* End XCBuildConfiguration section */

/* Begin XCConfigurationList section */
		8F00048B1A2419730096477A /* Build configuration list for PBXProject "Circle" */ = {
			isa = XCConfigurationList;
			buildConfigurations = (
				8F0004B21A2419730096477A /* Debug */,
				8F0004B31A2419730096477A /* Release */,
			);
			defaultConfigurationIsVisible = 0;
			defaultConfigurationName = Release;
		};
		8F0004B41A2419730096477A /* Build configuration list for PBXNativeTarget "Circle" */ = {
			isa = XCConfigurationList;
			buildConfigurations = (
				8F0004B51A2419730096477A /* Debug */,
				8F0004B61A2419730096477A /* Release */,
			);
			defaultConfigurationIsVisible = 0;
			defaultConfigurationName = Release;
		};
		8F0004B71A2419730096477A /* Build configuration list for PBXNativeTarget "CircleTests" */ = {
			isa = XCConfigurationList;
			buildConfigurations = (
				8F0004B81A2419730096477A /* Debug */,
				8F0004B91A2419730096477A /* Release */,
			);
			defaultConfigurationIsVisible = 0;
			defaultConfigurationName = Release;
		};
/* End XCConfigurationList section */
	};
	rootObject = 8F0004881A2419730096477A /* Project object */;
}
